
Microsoft Visual Studio Solution File, Format Version 11.00
# Visual Studio 2010
Project("{8BC9CEB8-8B4A-11D0-8D11-00A0C91BC942}") = "test1", "test1\test1.vcxproj", "{7CF2402B-30D5-4817-B579-5B0898DCE0DF}"
EndProject
Global
	GlobalSection(SolutionConfigurationPlatforms) = preSolution
		Debug|Win32 = Debug|Win32
		Release|Win32 = Release|Win32
	EndGlobalSection
	GlobalSection(ProjectConfigurationPlatforms) = postSolution
		{7CF2402B-30D5-4817-B579-5B0898DCE0DF}.Debug|Win32.ActiveCfg = Debug|Win32
		{7CF2402B-30D5-4817-B579-5B0898DCE0DF}.Debug|Win32.Build.0 = Debug|Win32
		{7CF2402B-30D5-4817-B579-5B0898DCE0DF}.Release|Win32.ActiveCfg = Release|Win32
		{7CF2402B-30D5-4817-B579-5B0898DCE0DF}.Release|Win32.Build.0 = Release|Win32
	EndGlobalSection
	GlobalSection(SolutionProperties) = preSolution
		HideSolutionNode = FALSE
	EndGlobalSection
EndGlobal
